// !$*UTF8*$!
{
	archiveVersion = 1;
	classes = {
	};
	objectVersion = 50;
	objects = {

/* Begin PBXBuildFile section */
		5E633E3920869E97000009EE /* AppDelegate.swift in Sources */ = {isa = PBXBuildFile; fileRef = 5E633E3820869E97000009EE /* AppDelegate.swift */; };
		5E633E3E20869E97000009EE /* Main.storyboard in Resources */ = {isa = PBXBuildFile; fileRef = 5E633E3C20869E97000009EE /* Main.storyboard */; };
		5E633E4020869E99000009EE /* Assets.xcassets in Resources */ = {isa = PBXBuildFile; fileRef = 5E633E3F20869E99000009EE /* Assets.xcassets */; };
		5E633E4320869E99000009EE /* LaunchScreen.storyboard in Resources */ = {isa = PBXBuildFile; fileRef = 5E633E4120869E99000009EE /* LaunchScreen.storyboard */; };
		5E633E4B2086B194000009EE /* ProductListTableViewController.swift in Sources */ = {isa = PBXBuildFile; fileRef = 5E633E4A2086B194000009EE /* ProductListTableViewController.swift */; };
		5E633E4D2086B1CF000009EE /* AddEditProductViewController.swift in Sources */ = {isa = PBXBuildFile; fileRef = 5E633E4C2086B1CF000009EE /* AddEditProductViewController.swift */; };
		5E633E4F2086B59C000009EE /* IOFAndStatesListViewController.swift in Sources */ = {isa = PBXBuildFile; fileRef = 5E633E4E2086B59C000009EE /* IOFAndStatesListViewController.swift */; };
		5E633E512086B5EE000009EE /* TotalBuyingsViewController.swift in Sources */ = {isa = PBXBuildFile; fileRef = 5E633E502086B5EE000009EE /* TotalBuyingsViewController.swift */; };
		5E633E5A2087752F000009EE /* Settings.bundle in Resources */ = {isa = PBXBuildFile; fileRef = 5E633E592087752F000009EE /* Settings.bundle */; };
		5E633E5D20877558000009EE /* Model.xcdatamodeld in Sources */ = {isa = PBXBuildFile; fileRef = 5E633E5B20877558000009EE /* Model.xcdatamodeld */; };
		5EBB902B2087FD73003D4369 /* UIViewController+CoreData.swift in Sources */ = {isa = PBXBuildFile; fileRef = 5EBB902A2087FD73003D4369 /* UIViewController+CoreData.swift */; };
		5EBB902D20881D5F003D4369 /* ProductDetailTableViewCell.swift in Sources */ = {isa = PBXBuildFile; fileRef = 5EBB902C20881D5F003D4369 /* ProductDetailTableViewCell.swift */; };
/* End PBXBuildFile section */

/* Begin PBXFileReference section */
		5E633E3520869E97000009EE /* MatheusFusco.app */ = {isa = PBXFileReference; explicitFileType = wrapper.application; includeInIndex = 0; path = MatheusFusco.app; sourceTree = BUILT_PRODUCTS_DIR; };
		5E633E3820869E97000009EE /* AppDelegate.swift */ = {isa = PBXFileReference; lastKnownFileType = sourcecode.swift; path = AppDelegate.swift; sourceTree = "<group>"; };
		5E633E3D20869E97000009EE /* Base */ = {isa = PBXFileReference; lastKnownFileType = file.storyboard; name = Base; path = Base.lproj/Main.storyboard; sourceTree = "<group>"; };
		5E633E3F20869E99000009EE /* Assets.xcassets */ = {isa = PBXFileReference; lastKnownFileType = folder.assetcatalog; path = Assets.xcassets; sourceTree = "<group>"; };
		5E633E4220869E99000009EE /* Base */ = {isa = PBXFileReference; lastKnownFileType = file.storyboard; name = Base; path = Base.lproj/LaunchScreen.storyboard; sourceTree = "<group>"; };
		5E633E4420869E99000009EE /* Info.plist */ = {isa = PBXFileReference; lastKnownFileType = text.plist.xml; path = Info.plist; sourceTree = "<group>"; };
		5E633E4A2086B194000009EE /* ProductListTableViewController.swift */ = {isa = PBXFileReference; lastKnownFileType = sourcecode.swift; path = ProductListTableViewController.swift; sourceTree = "<group>"; };
		5E633E4C2086B1CF000009EE /* AddEditProductViewController.swift */ = {isa = PBXFileReference; lastKnownFileType = sourcecode.swift; path = AddEditProductViewController.swift; sourceTree = "<group>"; };
		5E633E4E2086B59C000009EE /* IOFAndStatesListViewController.swift */ = {isa = PBXFileReference; lastKnownFileType = sourcecode.swift; path = IOFAndStatesListViewController.swift; sourceTree = "<group>"; };
		5E633E502086B5EE000009EE /* TotalBuyingsViewController.swift */ = {isa = PBXFileReference; lastKnownFileType = sourcecode.swift; path = TotalBuyingsViewController.swift; sourceTree = "<group>"; };
		5E633E592087752F000009EE /* Settings.bundle */ = {isa = PBXFileReference; lastKnownFileType = "wrapper.plug-in"; path = Settings.bundle; sourceTree = "<group>"; };
		5E633E5C20877558000009EE /* Model.xcdatamodel */ = {isa = PBXFileReference; lastKnownFileType = wrapper.xcdatamodel; path = Model.xcdatamodel; sourceTree = "<group>"; };
		5EBB902A2087FD73003D4369 /* UIViewController+CoreData.swift */ = {isa = PBXFileReference; lastKnownFileType = sourcecode.swift; path = "UIViewController+CoreData.swift"; sourceTree = "<group>"; };
		5EBB902C20881D5F003D4369 /* ProductDetailTableViewCell.swift */ = {isa = PBXFileReference; lastKnownFileType = sourcecode.swift; path = ProductDetailTableViewCell.swift; sourceTree = "<group>"; };
/* End PBXFileReference section */

/* Begin PBXFrameworksBuildPhase section */
		5E633E3220869E97000009EE /* Frameworks */ = {
			isa = PBXFrameworksBuildPhase;
			buildActionMask = 2147483647;
			files = (
			);
			runOnlyForDeploymentPostprocessing = 0;
		};
/* End PBXFrameworksBuildPhase section */

/* Begin PBXGroup section */
		5E633E2C20869E97000009EE = {
			isa = PBXGroup;
			children = (
				5E633E3720869E97000009EE /* MatheusFusco */,
				5E633E3620869E97000009EE /* Products */,
			);
			sourceTree = "<group>";
		};
		5E633E3620869E97000009EE /* Products */ = {
			isa = PBXGroup;
			children = (
				5E633E3520869E97000009EE /* MatheusFusco.app */,
			);
			name = Products;
			sourceTree = "<group>";
		};
		5E633E3720869E97000009EE /* MatheusFusco */ = {
			isa = PBXGroup;
			children = (
				5E633E3820869E97000009EE /* AppDelegate.swift */,
				5E633E5420876531000009EE /* Models */,
				5E633E522086B600000009EE /* View Controllers */,
				5EBB90292087FD5C003D4369 /* Extension */,
				5E633E53208764E4000009EE /* Storyboards */,
				5E633E3F20869E99000009EE /* Assets.xcassets */,
				5E633E4420869E99000009EE /* Info.plist */,
				5E633E592087752F000009EE /* Settings.bundle */,
				5E633E5B20877558000009EE /* Model.xcdatamodeld */,
			);
			path = MatheusFusco;
			sourceTree = "<group>";
		};
		5E633E522086B600000009EE /* View Controllers */ = {
			isa = PBXGroup;
			children = (
				5E633E4A2086B194000009EE /* ProductListTableViewController.swift */,
				5EBB902C20881D5F003D4369 /* ProductDetailTableViewCell.swift */,
				5E633E4C2086B1CF000009EE /* AddEditProductViewController.swift */,
				5E633E4E2086B59C000009EE /* IOFAndStatesListViewController.swift */,
				5E633E502086B5EE000009EE /* TotalBuyingsViewController.swift */,
			);
			path = "View Controllers";
			sourceTree = "<group>";
		};
		5E633E53208764E4000009EE /* Storyboards */ = {
			isa = PBXGroup;
			children = (
				5E633E3C20869E97000009EE /* Main.storyboard */,
				5E633E4120869E99000009EE /* LaunchScreen.storyboard */,
			);
			path = Storyboards;
			sourceTree = "<group>";
		};
		5E633E5420876531000009EE /* Models */ = {
			isa = PBXGroup;
			children = (
			);
			path = Models;
			sourceTree = "<group>";
		};
		5EBB90292087FD5C003D4369 /* Extension */ = {
			isa = PBXGroup;
			children = (
				5EBB902A2087FD73003D4369 /* UIViewController+CoreData.swift */,
			);
			path = Extension;
			sourceTree = "<group>";
		};
/* End PBXGroup section */

/* Begin PBXNativeTarget section */
		5E633E3420869E97000009EE /* MatheusFusco */ = {
			isa = PBXNativeTarget;
			buildConfigurationList = 5E633E4720869E99000009EE /* Build configuration list for PBXNativeTarget "MatheusFusco" */;
			buildPhases = (
				5E633E3120869E97000009EE /* Sources */,
				5E633E3220869E97000009EE /* Frameworks */,
				5E633E3320869E97000009EE /* Resources */,
			);
			buildRules = (
			);
			dependencies = (
			);
			name = MatheusFusco;
			productName = ProductList;
			productReference = 5E633E3520869E97000009EE /* MatheusFusco.app */;
			productType = "com.apple.product-type.application";
		};
/* End PBXNativeTarget section */

/* Begin PBXProject section */
		5E633E2D20869E97000009EE /* Project object */ = {
			isa = PBXProject;
			attributes = {
				LastSwiftUpdateCheck = 0930;
				LastUpgradeCheck = 0930;
				ORGANIZATIONNAME = FIAP;
				TargetAttributes = {
					5E633E3420869E97000009EE = {
						CreatedOnToolsVersion = 9.3;
					};
				};
			};
			buildConfigurationList = 5E633E3020869E97000009EE /* Build configuration list for PBXProject "MatheusFusco" */;
			compatibilityVersion = "Xcode 9.3";
			developmentRegion = en;
			hasScannedForEncodings = 0;
			knownRegions = (
				en,
				Base,
			);
			mainGroup = 5E633E2C20869E97000009EE;
			productRefGroup = 5E633E3620869E97000009EE /* Products */;
			projectDirPath = "";
			projectRoot = "";
			targets = (
				5E633E3420869E97000009EE /* MatheusFusco */,
			);
		};
/* End PBXProject section */

/* Begin PBXResourcesBuildPhase section */
		5E633E3320869E97000009EE /* Resources */ = {
			isa = PBXResourcesBuildPhase;
			buildActionMask = 2147483647;
			files = (
				5E633E5A2087752F000009EE /* Settings.bundle in Resources */,
				5E633E4320869E99000009EE /* LaunchScreen.storyboard in Resources */,
				5E633E4020869E99000009EE /* Assets.xcassets in Resources */,
				5E633E3E20869E97000009EE /* Main.storyboard in Resources */,
			);
			runOnlyForDeploymentPostprocessing = 0;
		};
/* End PBXResourcesBuildPhase section */

/* Begin PBXSourcesBuildPhase section */
		5E633E3120869E97000009EE /* Sources */ = {
			isa = PBXSourcesBuildPhase;
			buildActionMask = 2147483647;
			files = (
				5E633E4D2086B1CF000009EE /* AddEditProductViewController.swift in Sources */,
				5E633E3920869E97000009EE /* AppDelegate.swift in Sources */,
				5E633E4B2086B194000009EE /* ProductListTableViewController.swift in Sources */,
				5E633E5D20877558000009EE /* Model.xcdatamodeld in Sources */,
				5EBB902D20881D5F003D4369 /* ProductDetailTableViewCell.swift in Sources */,
				5EBB902B2087FD73003D4369 /* UIViewController+CoreData.swift in Sources */,
				5E633E4F2086B59C000009EE /* IOFAndStatesListViewController.swift in Sources */,
				5E633E512086B5EE000009EE /* TotalBuyingsViewController.swift in Sources */,
			);
			runOnlyForDeploymentPostprocessing = 0;
		};
/* End PBXSourcesBuildPhase section */

/* Begin PBXVariantGroup section */
		5E633E3C20869E97000009EE /* Main.storyboard */ = {
			isa = PBXVariantGroup;
			children = (
				5E633E3D20869E97000009EE /* Base */,
			);
			name = Main.storyboard;
			sourceTree = "<group>";
		};
		5E633E4120869E99000009EE /* LaunchScreen.storyboard */ = {
			isa = PBXVariantGroup;
			children = (
				5E633E4220869E99000009EE /* Base */,
			);
			name = LaunchScreen.storyboard;
			sourceTree = "<group>";
		};
/* End PBXVariantGroup section */

/* Begin XCBuildConfiguration section */
		5E633E4520869E99000009EE /* Debug */ = {
			isa = XCBuildConfiguration;
			buildSettings = {
				ALWAYS_SEARCH_USER_PATHS = NO;
				CLANG_ANALYZER_NONNULL = YES;
				CLANG_ANALYZER_NUMBER_OBJECT_CONVERSION = YES_AGGRESSIVE;
				CLANG_CXX_LANGUAGE_STANDARD = "gnu++14";
				CLANG_CXX_LIBRARY = "libc++";
				CLANG_ENABLE_MODULES = YES;
				CLANG_ENABLE_OBJC_ARC = YES;
				CLANG_ENABLE_OBJC_WEAK = YES;
				CLANG_WARN_BLOCK_CAPTURE_AUTORELEASING = YES;
				CLANG_WARN_BOOL_CONVERSION = YES;
				CLANG_WARN_COMMA = YES;
				CLANG_WARN_CONSTANT_CONVERSION = YES;
				CLANG_WARN_DEPRECATED_OBJC_IMPLEMENTATIONS = YES;
				CLANG_WARN_DIRECT_OBJC_ISA_USAGE = YES_ERROR;
				CLANG_WARN_DOCUMENTATION_COMMENTS = YES;
				CLANG_WARN_EMPTY_BODY = YES;
				CLANG_WARN_ENUM_CONVERSION = YES;
				CLANG_WARN_INFINITE_RECURSION = YES;
				CLANG_WARN_INT_CONVERSION = YES;
				CLANG_WARN_NON_LITERAL_NULL_CONVERSION = YES;
				CLANG_WARN_OBJC_IMPLICIT_RETAIN_SELF = YES;
				CLANG_WARN_OBJC_LITERAL_CONVERSION = YES;
				CLANG_WARN_OBJC_ROOT_CLASS = YES_ERROR;
				CLANG_WARN_RANGE_LOOP_ANALYSIS = YES;
				CLANG_WARN_STRICT_PROTOTYPES = YES;
				CLANG_WARN_SUSPICIOUS_MOVE = YES;
				CLANG_WARN_UNGUARDED_AVAILABILITY = YES_AGGRESSIVE;
				CLANG_WARN_UNREACHABLE_CODE = YES;
				CLANG_WARN__DUPLICATE_METHOD_MATCH = YES;
				CODE_SIGN_IDENTITY = "iPhone Developer";
				COPY_PHASE_STRIP = NO;
				DEBUG_INFORMATION_FORMAT = dwarf;
				ENABLE_STRICT_OBJC_MSGSEND = YES;
				ENABLE_TESTABILITY = YES;
				GCC_C_LANGUAGE_STANDARD = gnu11;
				GCC_DYNAMIC_NO_PIC = NO;
				GCC_NO_COMMON_BLOCKS = YES;
				GCC_OPTIMIZATION_LEVEL = 0;
				GCC_PREPROCESSOR_DEFINITIONS = (
					"DEBUG=1",
					"$(inherited)",
				);
				GCC_WARN_64_TO_32_BIT_CONVERSION = YES;
				GCC_WARN_ABOUT_RETURN_TYPE = YES_ERROR;
				GCC_WARN_UNDECLARED_SELECTOR = YES;
				GCC_WARN_UNINITIALIZED_AUTOS = YES_AGGRESSIVE;
				GCC_WARN_UNUSED_FUNCTION = YES;
				GCC_WARN_UNUSED_VARIABLE = YES;
				IPHONEOS_DEPLOYMENT_TARGET = 11.3;
				MTL_ENABLE_DEBUG_INFO = YES;
				ONLY_ACTIVE_ARCH = YES;
				SDKROOT = iphoneos;
				SWIFT_ACTIVE_COMPILATION_CONDITIONS = DEBUG;
				SWIFT_OPTIMIZATION_LEVEL = "-Onone";
			};
			name = Debug;
		};
		5E633E4620869E99000009EE /* Release */ = {
			isa = XCBuildConfiguration;
			buildSettings = {
				ALWAYS_SEARCH_USER_PATHS = NO;
				CLANG_ANALYZER_NONNULL = YES;
				CLANG_ANALYZER_NUMBER_OBJECT_CONVERSION = YES_AGGRESSIVE;
				CLANG_CXX_LANGUAGE_STANDARD = "gnu++14";
				CLANG_CXX_LIBRARY = "libc++";
				CLANG_ENABLE_MODULES = YES;
				CLANG_ENABLE_OBJC_ARC = YES;
				CLANG_ENABLE_OBJC_WEAK = YES;
				CLANG_WARN_BLOCK_CAPTURE_AUTORELEASING = YES;
				CLANG_WARN_BOOL_CONVERSION = YES;
				CLANG_WARN_COMMA = YES;
				CLANG_WARN_CONSTANT_CONVERSION = YES;
				CLANG_WARN_DEPRECATED_OBJC_IMPLEMENTATIONS = YES;
				CLANG_WARN_DIRECT_OBJC_ISA_USAGE = YES_ERROR;
				CLANG_WARN_DOCUMENTATION_COMMENTS = YES;
				CLANG_WARN_EMPTY_BODY = YES;
				CLANG_WARN_ENUM_CONVERSION = YES;
				CLANG_WARN_INFINITE_RECURSION = YES;
				CLANG_WARN_INT_CONVERSION = YES;
				CLANG_WARN_NON_LITERAL_NULL_CONVERSION = YES;
				CLANG_WARN_OBJC_IMPLICIT_RETAIN_SELF = YES;
				CLANG_WARN_OBJC_LITERAL_CONVERSION = YES;
				CLANG_WARN_OBJC_ROOT_CLASS = YES_ERROR;
				CLANG_WARN_RANGE_LOOP_ANALYSIS = YES;
				CLANG_WARN_STRICT_PROTOTYPES = YES;
				CLANG_WARN_SUSPICIOUS_MOVE = YES;
				CLANG_WARN_UNGUARDED_AVAILABILITY = YES_AGGRESSIVE;
				CLANG_WARN_UNREACHABLE_CODE = YES;
				CLANG_WARN__DUPLICATE_METHOD_MATCH = YES;
				CODE_SIGN_IDENTITY = "iPhone Developer";
				COPY_PHASE_STRIP = NO;
				DEBUG_INFORMATION_FORMAT = "dwarf-with-dsym";
				ENABLE_NS_ASSERTIONS = NO;
				ENABLE_STRICT_OBJC_MSGSEND = YES;
				GCC_C_LANGUAGE_STANDARD = gnu11;
				GCC_NO_COMMON_BLOCKS = YES;
				GCC_WARN_64_TO_32_BIT_CONVERSION = YES;
				GCC_WARN_ABOUT_RETURN_TYPE = YES_ERROR;
				GCC_WARN_UNDECLARED_SELECTOR = YES;
				GCC_WARN_UNINITIALIZED_AUTOS = YES_AGGRESSIVE;
				GCC_WARN_UNUSED_FUNCTION = YES;
				GCC_WARN_UNUSED_VARIABLE = YES;
				IPHONEOS_DEPLOYMENT_TARGET = 11.3;
				MTL_ENABLE_DEBUG_INFO = NO;
				SDKROOT = iphoneos;
				SWIFT_COMPILATION_MODE = wholemodule;
				SWIFT_OPTIMIZATION_LEVEL = "-O";
				VALIDATE_PRODUCT = YES;
			};
			name = Release;
		};
		5E633E4820869E99000009EE /* Debug */ = {
			isa = XCBuildConfiguration;
			buildSettings = {
				ASSETCATALOG_COMPILER_APPICON_NAME = AppIcon;
				CODE_SIGN_STYLE = Manual;
				DEVELOPMENT_TEAM = "";
				INFOPLIST_FILE = "$(SRCROOT)/MatheusFusco/Info.plist";
				LD_RUNPATH_SEARCH_PATHS = (
					"$(inherited)",
					"@executable_path/Frameworks",
				);
				PRODUCT_BUNDLE_IDENTIFIER = "FIAP-RM45401.ComprasUSA";
				PRODUCT_NAME = "$(TARGET_NAME)";
				PROVISIONING_PROFILE_SPECIFIER = "";
				SWIFT_VERSION = 4.0;
				TARGETED_DEVICE_FAMILY = "1,2";
			};
			name = Debug;
		};
		5E633E4920869E99000009EE /* Release */ = {
			isa = XCBuildConfiguration;
			buildSettings = {
				ASSETCATALOG_COMPILER_APPICON_NAME = AppIcon;
				CODE_SIGN_STYLE = Manual;
				DEVELOPMENT_TEAM = "";
				INFOPLIST_FILE = "$(SRCROOT)/MatheusFusco/Info.plist";
				LD_RUNPATH_SEARCH_PATHS = (
					"$(inherited)",
					"@executable_path/Frameworks",
				);
				PRODUCT_BUNDLE_IDENTIFIER = "FIAP-RM45401.ComprasUSA";
				PRODUCT_NAME = "$(TARGET_NAME)";
				PROVISIONING_PROFILE_SPECIFIER = "";
				SWIFT_VERSION = 4.0;
				TARGETED_DEVICE_FAMILY = "1,2";
			};
			name = Release;
		};
/* End XCBuildConfiguration section */

/* Begin XCConfigurationList section */
		5E633E3020869E97000009EE /* Build configuration list for PBXProject "MatheusFusco" */ = {
			isa = XCConfigurationList;
			buildConfigurations = (
				5E633E4520869E99000009EE /* Debug */,
				5E633E4620869E99000009EE /* Release */,
			);
			defaultConfigurationIsVisible = 0;
			defaultConfigurationName = Release;
		};
		5E633E4720869E99000009EE /* Build configuration list for PBXNativeTarget "MatheusFusco" */ = {
			isa = XCConfigurationList;
			buildConfigurations = (
				5E633E4820869E99000009EE /* Debug */,
				5E633E4920869E99000009EE /* Release */,
			);
			defaultConfigurationIsVisible = 0;
			defaultConfigurationName = Release;
		};
/* End XCConfigurationList section */

/* Begin XCVersionGroup section */
		5E633E5B20877558000009EE /* Model.xcdatamodeld */ = {
			isa = XCVersionGroup;
			children = (
				5E633E5C20877558000009EE /* Model.xcdatamodel */,
			);
			currentVersion = 5E633E5C20877558000009EE /* Model.xcdatamodel */;
			path = Model.xcdatamodeld;
			sourceTree = "<group>";
			versionGroupType = wrapper.xcdatamodel;
		};
/* End XCVersionGroup section */
	};
	rootObject = 5E633E2D20869E97000009EE /* Project object */;
}
